
Microsoft Visual Studio Solution File, Format Version 12.00
Project("{FAE04EC0-301F-11D3-BF4B-00C04F79EFBC}") = "SignalR.StronglyTypedClient", "SignalR.StronglyTypedClient.csproj", "{92E74F49-BD20-4D15-8E51-71CC926C3DCE}"
EndProject
Global
	GlobalSection(SolutionConfigurationPlatforms) = preSolution
		Debug|Any CPU = Debug|Any CPU
		Release|Any CPU = Release|Any CPU
	EndGlobalSection
	GlobalSection(ProjectConfigurationPlatforms) = postSolution
		{92E74F49-BD20-4D15-8E51-71CC926C3DCE}.Debug|Any CPU.ActiveCfg = Debug|Any CPU
		{92E74F49-BD20-4D15-8E51-71CC926C3DCE}.Debug|Any CPU.Build.0 = Debug|Any CPU
		{92E74F49-BD20-4D15-8E51-71CC926C3DCE}.Release|Any CPU.ActiveCfg = Release|Any CPU
		{92E74F49-BD20-4D15-8E51-71CC926C3DCE}.Release|Any CPU.Build.0 = Release|Any CPU
	EndGlobalSection
EndGlobal
